
Microsoft Visual Studio Solution File, Format Version 12.00
# Visual Studio Version 17
VisualStudioVersion = 17.5.33414.496
MinimumVisualStudioVersion = 10.0.40219.1
Project("{9A19103F-16F7-4668-BE54-9A1E7A4F7556}") = "UserApi", "UserAPI\UserApi.csproj", "{03E7726F-F543-4CBD-8E9F-88A300F48EF6}"
EndProject
Global
	GlobalSection(SolutionConfigurationPlatforms) = preSolution
		Debug|Any CPU = Debug|Any CPU
		Release|Any CPU = Release|Any CPU
	EndGlobalSection
	GlobalSection(ProjectConfigurationPlatforms) = postSolution
		{03E7726F-F543-4CBD-8E9F-88A300F48EF6}.Debug|Any CPU.ActiveCfg = Debug|Any CPU
		{03E7726F-F543-4CBD-8E9F-88A300F48EF6}.Debug|Any CPU.Build.0 = Debug|Any CPU
		{03E7726F-F543-4CBD-8E9F-88A300F48EF6}.Release|Any CPU.ActiveCfg = Release|Any CPU
		{03E7726F-F543-4CBD-8E9F-88A300F48EF6}.Release|Any CPU.Build.0 = Release|Any CPU
	EndGlobalSection
	GlobalSection(SolutionProperties) = preSolution
		HideSolutionNode = FALSE
	EndGlobalSection
	GlobalSection(ExtensibilityGlobals) = postSolution
		SolutionGuid = {3075D031-E0FE-4060-9EC8-C829619FF7FB}
	EndGlobalSection
EndGlobal
